// !$*UTF8*$!
{
	archiveVersion = 1;
	classes = {
	};
	objectVersion = 46;
	objects = {

/* Begin PBXBuildFile section */
		667291F01F15E92100DCED27 /* AppDelegate.swift in Sources */ = {isa = PBXBuildFile; fileRef = 667291EF1F15E92100DCED27 /* AppDelegate.swift */; };
		667291F21F15E92100DCED27 /* ViewController.swift in Sources */ = {isa = PBXBuildFile; fileRef = 667291F11F15E92100DCED27 /* ViewController.swift */; };
		667291F51F15E92100DCED27 /* Main.storyboard in Resources */ = {isa = PBXBuildFile; fileRef = 667291F31F15E92100DCED27 /* Main.storyboard */; };
		667291F81F15E92100DCED27 /* randomcmd.xcdatamodeld in Sources */ = {isa = PBXBuildFile; fileRef = 667291F61F15E92100DCED27 /* randomcmd.xcdatamodeld */; };
		667291FA1F15E92100DCED27 /* Assets.xcassets in Resources */ = {isa = PBXBuildFile; fileRef = 667291F91F15E92100DCED27 /* Assets.xcassets */; };
		667291FD1F15E92100DCED27 /* LaunchScreen.storyboard in Resources */ = {isa = PBXBuildFile; fileRef = 667291FB1F15E92100DCED27 /* LaunchScreen.storyboard */; };
/* End PBXBuildFile section */

/* Begin PBXFileReference section */
		667291EC1F15E92100DCED27 /* randomcmd.app */ = {isa = PBXFileReference; explicitFileType = wrapper.application; includeInIndex = 0; path = randomcmd.app; sourceTree = BUILT_PRODUCTS_DIR; };
		667291EF1F15E92100DCED27 /* AppDelegate.swift */ = {isa = PBXFileReference; lastKnownFileType = sourcecode.swift; path = AppDelegate.swift; sourceTree = "<group>"; };
		667291F11F15E92100DCED27 /* ViewController.swift */ = {isa = PBXFileReference; lastKnownFileType = sourcecode.swift; path = ViewController.swift; sourceTree = "<group>"; };
		667291F41F15E92100DCED27 /* Base */ = {isa = PBXFileReference; lastKnownFileType = file.storyboard; name = Base; path = Base.lproj/Main.storyboard; sourceTree = "<group>"; };
		667291F71F15E92100DCED27 /* randomcmd.xcdatamodel */ = {isa = PBXFileReference; lastKnownFileType = wrapper.xcdatamodel; path = randomcmd.xcdatamodel; sourceTree = "<group>"; };
		667291F91F15E92100DCED27 /* Assets.xcassets */ = {isa = PBXFileReference; lastKnownFileType = folder.assetcatalog; path = Assets.xcassets; sourceTree = "<group>"; };
		667291FC1F15E92100DCED27 /* Base */ = {isa = PBXFileReference; lastKnownFileType = file.storyboard; name = Base; path = Base.lproj/LaunchScreen.storyboard; sourceTree = "<group>"; };
		667291FE1F15E92100DCED27 /* Info.plist */ = {isa = PBXFileReference; lastKnownFileType = text.plist.xml; path = Info.plist; sourceTree = "<group>"; };
/* End PBXFileReference section */

/* Begin PBXFrameworksBuildPhase section */
		667291E91F15E92000DCED27 /* Frameworks */ = {
			isa = PBXFrameworksBuildPhase;
			buildActionMask = 2147483647;
			files = (
			);
			runOnlyForDeploymentPostprocessing = 0;
		};
/* End PBXFrameworksBuildPhase section */

/* Begin PBXGroup section */
		667291E31F15E92000DCED27 = {
			isa = PBXGroup;
			children = (
				667291EE1F15E92100DCED27 /* randomcmd */,
				667291ED1F15E92100DCED27 /* Products */,
			);
			sourceTree = "<group>";
		};
		667291ED1F15E92100DCED27 /* Products */ = {
			isa = PBXGroup;
			children = (
				667291EC1F15E92100DCED27 /* randomcmd.app */,
			);
			name = Products;
			sourceTree = "<group>";
		};
		667291EE1F15E92100DCED27 /* randomcmd */ = {
			isa = PBXGroup;
			children = (
				667291EF1F15E92100DCED27 /* AppDelegate.swift */,
				667291F11F15E92100DCED27 /* ViewController.swift */,
				667291F31F15E92100DCED27 /* Main.storyboard */,
				667291F91F15E92100DCED27 /* Assets.xcassets */,
				667291FB1F15E92100DCED27 /* LaunchScreen.storyboard */,
				667291FE1F15E92100DCED27 /* Info.plist */,
				667291F61F15E92100DCED27 /* randomcmd.xcdatamodeld */,
			);
			path = randomcmd;
			sourceTree = "<group>";
		};
/* End PBXGroup section */

/* Begin PBXNativeTarget section */
		667291EB1F15E92000DCED27 /* randomcmd */ = {
			isa = PBXNativeTarget;
			buildConfigurationList = 667292011F15E92100DCED27 /* Build configuration list for PBXNativeTarget "randomcmd" */;
			buildPhases = (
				667291E81F15E92000DCED27 /* Sources */,
				667291E91F15E92000DCED27 /* Frameworks */,
				667291EA1F15E92000DCED27 /* Resources */,
			);
			buildRules = (
			);
			dependencies = (
			);
			name = randomcmd;
			productName = randomcmd;
			productReference = 667291EC1F15E92100DCED27 /* randomcmd.app */;
			productType = "com.apple.product-type.application";
		};
/* End PBXNativeTarget section */

/* Begin PBXProject section */
		667291E41F15E92000DCED27 /* Project object */ = {
			isa = PBXProject;
			attributes = {
				LastSwiftUpdateCheck = 0830;
				LastUpgradeCheck = 0830;
				ORGANIZATIONNAME = "Ignacio Basail";
				TargetAttributes = {
					667291EB1F15E92000DCED27 = {
						CreatedOnToolsVersion = 8.3.3;
						DevelopmentTeam = YU33ZX7G72;
						ProvisioningStyle = Automatic;
					};
				};
			};
			buildConfigurationList = 667291E71F15E92000DCED27 /* Build configuration list for PBXProject "randomcmd" */;
			compatibilityVersion = "Xcode 3.2";
			developmentRegion = English;
			hasScannedForEncodings = 0;
			knownRegions = (
				en,
				Base,
			);
			mainGroup = 667291E31F15E92000DCED27;
			productRefGroup = 667291ED1F15E92100DCED27 /* Products */;
			projectDirPath = "";
			projectRoot = "";
			targets = (
				667291EB1F15E92000DCED27 /* randomcmd */,
			);
		};
/* End PBXProject section */

/* Begin PBXResourcesBuildPhase section */
		667291EA1F15E92000DCED27 /* Resources */ = {
			isa = PBXResourcesBuildPhase;
			buildActionMask = 2147483647;
			files = (
				667291FD1F15E92100DCED27 /* LaunchScreen.storyboard in Resources */,
				667291FA1F15E92100DCED27 /* Assets.xcassets in Resources */,
				667291F51F15E92100DCED27 /* Main.storyboard in Resources */,
			);
			runOnlyForDeploymentPostprocessing = 0;
		};
/* End PBXResourcesBuildPhase section */

/* Begin PBXSourcesBuildPhase section */
		667291E81F15E92000DCED27 /* Sources */ = {
			isa = PBXSourcesBuildPhase;
			buildActionMask = 2147483647;
			files = (
				667291F81F15E92100DCED27 /* randomcmd.xcdatamodeld in Sources */,
				667291F21F15E92100DCED27 /* ViewController.swift in Sources */,
				667291F01F15E92100DCED27 /* AppDelegate.swift in Sources */,
			);
			runOnlyForDeploymentPostprocessing = 0;
		};
/* End PBXSourcesBuildPhase section */

/* Begin PBXVariantGroup section */
		667291F31F15E92100DCED27 /* Main.storyboard */ = {
			isa = PBXVariantGroup;
			children = (
				667291F41F15E92100DCED27 /* Base */,
			);
			name = Main.storyboard;
			sourceTree = "<group>";
		};
		667291FB1F15E92100DCED27 /* LaunchScreen.storyboard */ = {
			isa = PBXVariantGroup;
			children = (
				667291FC1F15E92100DCED27 /* Base */,
			);
			name = LaunchScreen.storyboard;
			sourceTree = "<group>";
		};
/* End PBXVariantGroup section */

/* Begin XCBuildConfiguration section */
		667291FF1F15E92100DCED27 /* Debug */ = {
			isa = XCBuildConfiguration;
			buildSettings = {
				ALWAYS_SEARCH_USER_PATHS = NO;
				CLANG_ANALYZER_NONNULL = YES;
				CLANG_ANALYZER_NUMBER_OBJECT_CONVERSION = YES_AGGRESSIVE;
				CLANG_CXX_LANGUAGE_STANDARD = "gnu++0x";
				CLANG_CXX_LIBRARY = "libc++";
				CLANG_ENABLE_MODULES = YES;
				CLANG_ENABLE_OBJC_ARC = YES;
				CLANG_WARN_BOOL_CONVERSION = YES;
				CLANG_WARN_CONSTANT_CONVERSION = YES;
				CLANG_WARN_DIRECT_OBJC_ISA_USAGE = YES_ERROR;
				CLANG_WARN_DOCUMENTATION_COMMENTS = YES;
				CLANG_WARN_EMPTY_BODY = YES;
				CLANG_WARN_ENUM_CONVERSION = YES;
				CLANG_WARN_INFINITE_RECURSION = YES;
				CLANG_WARN_INT_CONVERSION = YES;
				CLANG_WARN_OBJC_ROOT_CLASS = YES_ERROR;
				CLANG_WARN_SUSPICIOUS_MOVE = YES;
				CLANG_WARN_UNREACHABLE_CODE = YES;
				CLANG_WARN__DUPLICATE_METHOD_MATCH = YES;
				"CODE_SIGN_IDENTITY[sdk=iphoneos*]" = "iPhone Developer";
				COPY_PHASE_STRIP = NO;
				DEBUG_INFORMATION_FORMAT = dwarf;
				ENABLE_STRICT_OBJC_MSGSEND = YES;
				ENABLE_TESTABILITY = YES;
				GCC_C_LANGUAGE_STANDARD = gnu99;
				GCC_DYNAMIC_NO_PIC = NO;
				GCC_NO_COMMON_BLOCKS = YES;
				GCC_OPTIMIZATION_LEVEL = 0;
				GCC_PREPROCESSOR_DEFINITIONS = (
					"DEBUG=1",
					"$(inherited)",
				);
				GCC_WARN_64_TO_32_BIT_CONVERSION = YES;
				GCC_WARN_ABOUT_RETURN_TYPE = YES_ERROR;
				GCC_WARN_UNDECLARED_SELECTOR = YES;
				GCC_WARN_UNINITIALIZED_AUTOS = YES_AGGRESSIVE;
				GCC_WARN_UNUSED_FUNCTION = YES;
				GCC_WARN_UNUSED_VARIABLE = YES;
				IPHONEOS_DEPLOYMENT_TARGET = 10.3;
				MTL_ENABLE_DEBUG_INFO = YES;
				ONLY_ACTIVE_ARCH = YES;
				SDKROOT = iphoneos;
				SWIFT_ACTIVE_COMPILATION_CONDITIONS = DEBUG;
				SWIFT_OPTIMIZATION_LEVEL = "-Onone";
				TARGETED_DEVICE_FAMILY = "1,2";
			};
			name = Debug;
		};
		667292001F15E92100DCED27 /* Release */ = {
			isa = XCBuildConfiguration;
			buildSettings = {
				ALWAYS_SEARCH_USER_PATHS = NO;
				CLANG_ANALYZER_NONNULL = YES;
				CLANG_ANALYZER_NUMBER_OBJECT_CONVERSION = YES_AGGRESSIVE;
				CLANG_CXX_LANGUAGE_STANDARD = "gnu++0x";
				CLANG_CXX_LIBRARY = "libc++";
				CLANG_ENABLE_MODULES = YES;
				CLANG_ENABLE_OBJC_ARC = YES;
				CLANG_WARN_BOOL_CONVERSION = YES;
				CLANG_WARN_CONSTANT_CONVERSION = YES;
				CLANG_WARN_DIRECT_OBJC_ISA_USAGE = YES_ERROR;
				CLANG_WARN_DOCUMENTATION_COMMENTS = YES;
				CLANG_WARN_EMPTY_BODY = YES;
				CLANG_WARN_ENUM_CONVERSION = YES;
				CLANG_WARN_INFINITE_RECURSION = YES;
				CLANG_WARN_INT_CONVERSION = YES;
				CLANG_WARN_OBJC_ROOT_CLASS = YES_ERROR;
				CLANG_WARN_SUSPICIOUS_MOVE = YES;
				CLANG_WARN_UNREACHABLE_CODE = YES;
				CLANG_WARN__DUPLICATE_METHOD_MATCH = YES;
				"CODE_SIGN_IDENTITY[sdk=iphoneos*]" = "iPhone Developer";
				COPY_PHASE_STRIP = NO;
				DEBUG_INFORMATION_FORMAT = "dwarf-with-dsym";
				ENABLE_NS_ASSERTIONS = NO;
				ENABLE_STRICT_OBJC_MSGSEND = YES;
				GCC_C_LANGUAGE_STANDARD = gnu99;
				GCC_NO_COMMON_BLOCKS = YES;
				GCC_WARN_64_TO_32_BIT_CONVERSION = YES;
				GCC_WARN_ABOUT_RETURN_TYPE = YES_ERROR;
				GCC_WARN_UNDECLARED_SELECTOR = YES;
				GCC_WARN_UNINITIALIZED_AUTOS = YES_AGGRESSIVE;
				GCC_WARN_UNUSED_FUNCTION = YES;
				GCC_WARN_UNUSED_VARIABLE = YES;
				IPHONEOS_DEPLOYMENT_TARGET = 10.3;
				MTL_ENABLE_DEBUG_INFO = NO;
				SDKROOT = iphoneos;
				SWIFT_OPTIMIZATION_LEVEL = "-Owholemodule";
				TARGETED_DEVICE_FAMILY = "1,2";
				VALIDATE_PRODUCT = YES;
			};
			name = Release;
		};
		667292021F15E92100DCED27 /* Debug */ = {
			isa = XCBuildConfiguration;
			buildSettings = {
				ASSETCATALOG_COMPILER_APPICON_NAME = AppIcon;
				DEVELOPMENT_TEAM = YU33ZX7G72;
				INFOPLIST_FILE = randomcmd/Info.plist;
				LD_RUNPATH_SEARCH_PATHS = "$(inherited) @executable_path/Frameworks";
				PRODUCT_BUNDLE_IDENTIFIER = com.ibasail.randomcmd;
				PRODUCT_NAME = "$(TARGET_NAME)";
				SWIFT_VERSION = 3.0;
			};
			name = Debug;
		};
		667292031F15E92100DCED27 /* Release */ = {
			isa = XCBuildConfiguration;
			buildSettings = {
				ASSETCATALOG_COMPILER_APPICON_NAME = AppIcon;
				DEVELOPMENT_TEAM = YU33ZX7G72;
				INFOPLIST_FILE = randomcmd/Info.plist;
				LD_RUNPATH_SEARCH_PATHS = "$(inherited) @executable_path/Frameworks";
				PRODUCT_BUNDLE_IDENTIFIER = com.ibasail.randomcmd;
				PRODUCT_NAME = "$(TARGET_NAME)";
				SWIFT_VERSION = 3.0;
			};
			name = Release;
		};
/* End XCBuildConfiguration section */

/* Begin XCConfigurationList section */
		667291E71F15E92000DCED27 /* Build configuration list for PBXProject "randomcmd" */ = {
			isa = XCConfigurationList;
			buildConfigurations = (
				667291FF1F15E92100DCED27 /* Debug */,
				667292001F15E92100DCED27 /* Release */,
			);
			defaultConfigurationIsVisible = 0;
			defaultConfigurationName = Release;
		};
		667292011F15E92100DCED27 /* Build configuration list for PBXNativeTarget "randomcmd" */ = {
			isa = XCConfigurationList;
			buildConfigurations = (
				667292021F15E92100DCED27 /* Debug */,
				667292031F15E92100DCED27 /* Release */,
			);
			defaultConfigurationIsVisible = 0;
		};
/* End XCConfigurationList section */

/* Begin XCVersionGroup section */
		667291F61F15E92100DCED27 /* randomcmd.xcdatamodeld */ = {
			isa = XCVersionGroup;
			children = (
				667291F71F15E92100DCED27 /* randomcmd.xcdatamodel */,
			);
			currentVersion = 667291F71F15E92100DCED27 /* randomcmd.xcdatamodel */;
			path = randomcmd.xcdatamodeld;
			sourceTree = "<group>";
			versionGroupType = wrapper.xcdatamodel;
		};
/* End XCVersionGroup section */
	};
	rootObject = 667291E41F15E92000DCED27 /* Project object */;
}
